
Microsoft Visual Studio Solution File, Format Version 12.00
# Visual Studio 15
VisualStudioVersion = 15.0.27130.2036
MinimumVisualStudioVersion = 10.0.40219.1
Project("{FAE04EC0-301F-11D3-BF4B-00C04F79EFBC}") = "TradeSatoshi", "TradeSatoshi\TradeSatoshi.csproj", "{D00F72B8-391F-4C30-BC34-E17A2126548B}"
EndProject
Project("{FAE04EC0-301F-11D3-BF4B-00C04F79EFBC}") = "TradeSatoshiDemo", "TradeSatoshiDemo\TradeSatoshiDemo.csproj", "{867CE87B-C713-4A52-9CF2-CDCF823D5057}"
EndProject
Global
	GlobalSection(SolutionConfigurationPlatforms) = preSolution
		Debug|Any CPU = Debug|Any CPU
		Release|Any CPU = Release|Any CPU
	EndGlobalSection
	GlobalSection(ProjectConfigurationPlatforms) = postSolution
		{D00F72B8-391F-4C30-BC34-E17A2126548B}.Debug|Any CPU.ActiveCfg = Debug|Any CPU
		{D00F72B8-391F-4C30-BC34-E17A2126548B}.Debug|Any CPU.Build.0 = Debug|Any CPU
		{D00F72B8-391F-4C30-BC34-E17A2126548B}.Release|Any CPU.ActiveCfg = Release|Any CPU
		{D00F72B8-391F-4C30-BC34-E17A2126548B}.Release|Any CPU.Build.0 = Release|Any CPU
		{867CE87B-C713-4A52-9CF2-CDCF823D5057}.Debug|Any CPU.ActiveCfg = Debug|Any CPU
		{867CE87B-C713-4A52-9CF2-CDCF823D5057}.Debug|Any CPU.Build.0 = Debug|Any CPU
		{867CE87B-C713-4A52-9CF2-CDCF823D5057}.Release|Any CPU.ActiveCfg = Release|Any CPU
		{867CE87B-C713-4A52-9CF2-CDCF823D5057}.Release|Any CPU.Build.0 = Release|Any CPU
	EndGlobalSection
	GlobalSection(SolutionProperties) = preSolution
		HideSolutionNode = FALSE
	EndGlobalSection
	GlobalSection(ExtensibilityGlobals) = postSolution
		SolutionGuid = {6602C7F9-29D2-46EF-9D84-640FA1228569}
	EndGlobalSection
EndGlobal
